<?xml version="1.0" encoding="utf-8"?>
<Project ToolsVersion="4.0" xmlns="http://schemas.microsoft.com/developer/msbuild/2003">
  <ItemGroup>
    <Filter Include="소스 파일">
      <UniqueIdentifier>{4FC737F1-C7A5-4376-A066-2A32D752A2FF}</UniqueIdentifier>
      <Extensions>cpp;c;cc;cxx;c++;cppm;ixx;def;odl;idl;hpj;bat;asm;asmx</Extensions>
    </Filter>
    <Filter Include="헤더 파일">
      <UniqueIdentifier>{93995380-89BD-4b04-88EB-625FBE52EBFB}</UniqueIdentifier>
      <Extensions>h;hh;hpp;hxx;h++;hm;inl;inc;ipp;xsd</Extensions>
    </Filter>
    <Filter Include="리소스 파일">
      <UniqueIdentifier>{67DA6AB6-F800-4c08-8B7A-83BB121AAD01}</UniqueIdentifier>
      <Extensions>rc;ico;cur;bmp;dlg;rc2;rct;bin;rgs;gif;jpg;jpeg;jpe;resx;tiff;tif;png;wav;mfcribbon-ms</Extensions>
    </Filter>
  </ItemGroup>
  <ItemGroup>
    <ClInclude Include="gpu_scheduer.h">
      <Filter>헤더 파일</Filter>
    </ClInclude>
    <ClInclude Include="framework.h">
      <Filter>헤더 파일</Filter>
    </ClInclude>
    <ClInclude Include="targetver.h">
      <Filter>헤더 파일</Filter>
    </ClInclude>
    <ClInclude Include="MainFrm.h">
      <Filter>헤더 파일</Filter>
    </ClInclude>
    <ClInclude Include="ChildFrm.h">
      <Filter>헤더 파일</Filter>
    </ClInclude>
    <ClInclude Include="gpu_scheduerDoc.h">
      <Filter>헤더 파일</Filter>
    </ClInclude>
    <ClInclude Include="gpu_scheduerView.h">
      <Filter>헤더 파일</Filter>
    </ClInclude>
    <ClInclude Include="Resource.h">
      <Filter>헤더 파일</Filter>
    </ClInclude>
    <ClInclude Include="pch.h">
      <Filter>헤더 파일</Filter>
    </ClInclude>
    <ClInclude Include="job_emulator.h">
      <Filter>헤더 파일</Filter>
    </ClInclude>
    <ClInclude Include="job_entry.h">
      <Filter>헤더 파일</Filter>
    </ClInclude>
    <ClInclude Include="CSchedulerOption.h">
      <Filter>헤더 파일</Filter>
    </ClInclude>
    <ClInclude Include="CGPUStatus.h">
      <Filter>헤더 파일</Filter>
    </ClInclude>
    <ClInclude Include="coprocessor_server.h">
      <Filter>헤더 파일</Filter>
    </ClInclude>
    <ClInclude Include="gpu_log_dialog.h">
      <Filter>헤더 파일</Filter>
    </ClInclude>
    <ClInclude Include="server_entry.h">
      <Filter>헤더 파일</Filter>
    </ClInclude>
    <ClInclude Include="job_scheduler.h">
      <Filter>헤더 파일</Filter>
    </ClInclude>
    <ClInclude Include="scheduler_most_wanted.h">
      <Filter>헤더 파일</Filter>
    </ClInclude>
    <ClInclude Include="scheduler_compact.h">
      <Filter>헤더 파일</Filter>
    </ClInclude>
    <ClInclude Include="scheduler_round_robin.h">
      <Filter>헤더 파일</Filter>
    </ClInclude>
    <ClInclude Include="scheduler_fare_share.h">
      <Filter>헤더 파일</Filter>
    </ClInclude>
    <ClInclude Include="call_back_object.h">
      <Filter>헤더 파일</Filter>
    </ClInclude>
    <ClInclude Include="scheduler_mostallocated.h">
      <Filter>헤더 파일</Filter>
    </ClInclude>
    <ClInclude Include="enum_definition.h">
      <Filter>헤더 파일</Filter>
    </ClInclude>
  </ItemGroup>
  <ItemGroup>
    <ClCompile Include="gpu_scheduer.cpp">
      <Filter>소스 파일</Filter>
    </ClCompile>
    <ClCompile Include="MainFrm.cpp">
      <Filter>소스 파일</Filter>
    </ClCompile>
    <ClCompile Include="ChildFrm.cpp">
      <Filter>소스 파일</Filter>
    </ClCompile>
    <ClCompile Include="gpu_scheduerDoc.cpp">
      <Filter>소스 파일</Filter>
    </ClCompile>
    <ClCompile Include="gpu_scheduerView.cpp">
      <Filter>소스 파일</Filter>
    </ClCompile>
    <ClCompile Include="pch.cpp">
      <Filter>소스 파일</Filter>
    </ClCompile>
    <ClCompile Include="job_emulator.cpp">
      <Filter>소스 파일</Filter>
    </ClCompile>
    <ClCompile Include="job_entry.cpp">
      <Filter>소스 파일</Filter>
    </ClCompile>
    <ClCompile Include="CSchedulerOption.cpp">
      <Filter>소스 파일</Filter>
    </ClCompile>
    <ClCompile Include="CGPUStatus.cpp">
      <Filter>소스 파일</Filter>
    </ClCompile>
    <ClCompile Include="coprocessor_server.cpp">
      <Filter>소스 파일</Filter>
    </ClCompile>
    <ClCompile Include="gpu_log_dialog.cpp">
      <Filter>소스 파일</Filter>
    </ClCompile>
    <ClCompile Include="server_entry.cpp">
      <Filter>소스 파일</Filter>
    </ClCompile>
    <ClCompile Include="job_scheduler.cpp">
      <Filter>소스 파일</Filter>
    </ClCompile>
    <ClCompile Include="scheduler_most_wanted.cpp">
      <Filter>소스 파일</Filter>
    </ClCompile>
    <ClCompile Include="scheduler_compact.cpp">
      <Filter>소스 파일</Filter>
    </ClCompile>
    <ClCompile Include="scheduler_round_robin.cpp">
      <Filter>소스 파일</Filter>
    </ClCompile>
    <ClCompile Include="scheduler_fare_share.cpp">
      <Filter>소스 파일</Filter>
    </ClCompile>
    <ClCompile Include="call_back_object.cpp">
      <Filter>소스 파일</Filter>
    </ClCompile>
    <ClCompile Include="scheduler_mostallocated.cpp">
      <Filter>소스 파일</Filter>
    </ClCompile>
  </ItemGroup>
  <ItemGroup>
    <None Include="gpu_scheduer.reg" />
    <None Include="res\gpuscheduer.rc2">
      <Filter>리소스 파일</Filter>
    </None>
    <None Include="ClassDiagram.cd" />
  </ItemGroup>
  <ItemGroup>
    <ResourceCompile Include="gpuscheduer.rc">
      <Filter>리소스 파일</Filter>
    </ResourceCompile>
  </ItemGroup>
  <ItemGroup>
    <Image Include="res\gpu_scheduerDoc.ico">
      <Filter>리소스 파일</Filter>
    </Image>
    <Image Include="res\gpu_scheduer.ico">
      <Filter>리소스 파일</Filter>
    </Image>
    <Image Include="res\Toolbar.bmp">
      <Filter>리소스 파일</Filter>
    </Image>
  </ItemGroup>
</Project>